
Microsoft Visual Studio Solution File, Format Version 12.00
# Visual Studio 2010
Project("{FAE04EC0-301F-11D3-BF4B-00C04F79EFBC}") = "VisualME7Logger", "VisualME7Logger\VisualME7Logger.csproj", "{B235584D-719A-4C3C-AC8F-7A1CED74B0FD}"
EndProject
Project("{FAE04EC0-301F-11D3-BF4B-00C04F79EFBC}") = "VisualME7Logger.Output", "VisualME7Logger.Output\VisualME7Logger.Output.csproj", "{5A6FDBC6-5D31-478E-91B1-1CB899F77BAD}"
EndProject
Project("{FAE04EC0-301F-11D3-BF4B-00C04F79EFBC}") = "VisualME7.Controls", "VisualME7.Controls\VisualME7.Controls.csproj", "{DFCFE26F-1EDA-4043-B327-693BE210A3B6}"
EndProject
Project("{FAE04EC0-301F-11D3-BF4B-00C04F79EFBC}") = "VisualME7.WPF", "VisualME7.WPF\VisualME7.WPF.csproj", "{22DAD8D3-A6E1-43A8-82E2-F1171D210789}"
EndProject
Global
	GlobalSection(TeamFoundationVersionControl) = preSolution
		SccNumberOfProjects = 3
		SccEnterpriseProvider = {4CA58AB2-18FA-4F8D-95D4-32DDF27D184C}
		SccLocalPath0 = .
		SccProjectUniqueName1 = VisualME7Logger\\VisualME7Logger.csproj
		SccProjectName1 = VisualME7Logger
		SccLocalPath1 = VisualME7Logger
		SccProjectUniqueName2 = VisualME7Logger.Output\\VisualME7Logger.Output.csproj
		SccProjectName2 = VisualME7Logger.Output
		SccLocalPath2 = VisualME7Logger.Output
	EndGlobalSection
	GlobalSection(SolutionConfigurationPlatforms) = preSolution
		Debug|Any CPU = Debug|Any CPU
		Debug|Mixed Platforms = Debug|Mixed Platforms
		Debug|x86 = Debug|x86
		Release|Any CPU = Release|Any CPU
		Release|Mixed Platforms = Release|Mixed Platforms
		Release|x86 = Release|x86
	EndGlobalSection
	GlobalSection(ProjectConfigurationPlatforms) = postSolution
		{B235584D-719A-4C3C-AC8F-7A1CED74B0FD}.Debug|Any CPU.ActiveCfg = Debug|Any CPU
		{B235584D-719A-4C3C-AC8F-7A1CED74B0FD}.Debug|Any CPU.Build.0 = Debug|Any CPU
		{B235584D-719A-4C3C-AC8F-7A1CED74B0FD}.Debug|Mixed Platforms.ActiveCfg = Debug|Any CPU
		{B235584D-719A-4C3C-AC8F-7A1CED74B0FD}.Debug|Mixed Platforms.Build.0 = Debug|Any CPU
		{B235584D-719A-4C3C-AC8F-7A1CED74B0FD}.Debug|x86.ActiveCfg = Debug|Any CPU
		{B235584D-719A-4C3C-AC8F-7A1CED74B0FD}.Release|Any CPU.ActiveCfg = Release|Any CPU
		{B235584D-719A-4C3C-AC8F-7A1CED74B0FD}.Release|Any CPU.Build.0 = Release|Any CPU
		{B235584D-719A-4C3C-AC8F-7A1CED74B0FD}.Release|Mixed Platforms.ActiveCfg = Release|Any CPU
		{B235584D-719A-4C3C-AC8F-7A1CED74B0FD}.Release|Mixed Platforms.Build.0 = Release|Any CPU
		{B235584D-719A-4C3C-AC8F-7A1CED74B0FD}.Release|x86.ActiveCfg = Release|Any CPU
		{5A6FDBC6-5D31-478E-91B1-1CB899F77BAD}.Debug|Any CPU.ActiveCfg = Debug|Any CPU
		{5A6FDBC6-5D31-478E-91B1-1CB899F77BAD}.Debug|Any CPU.Build.0 = Debug|Any CPU
		{5A6FDBC6-5D31-478E-91B1-1CB899F77BAD}.Debug|Mixed Platforms.ActiveCfg = Debug|Any CPU
		{5A6FDBC6-5D31-478E-91B1-1CB899F77BAD}.Debug|Mixed Platforms.Build.0 = Debug|Any CPU
		{5A6FDBC6-5D31-478E-91B1-1CB899F77BAD}.Debug|x86.ActiveCfg = Debug|Any CPU
		{5A6FDBC6-5D31-478E-91B1-1CB899F77BAD}.Release|Any CPU.ActiveCfg = Release|Any CPU
		{5A6FDBC6-5D31-478E-91B1-1CB899F77BAD}.Release|Any CPU.Build.0 = Release|Any CPU
		{5A6FDBC6-5D31-478E-91B1-1CB899F77BAD}.Release|Mixed Platforms.ActiveCfg = Release|Any CPU
		{5A6FDBC6-5D31-478E-91B1-1CB899F77BAD}.Release|Mixed Platforms.Build.0 = Release|Any CPU
		{5A6FDBC6-5D31-478E-91B1-1CB899F77BAD}.Release|x86.ActiveCfg = Release|Any CPU
		{DFCFE26F-1EDA-4043-B327-693BE210A3B6}.Debug|Any CPU.ActiveCfg = Debug|x86
		{DFCFE26F-1EDA-4043-B327-693BE210A3B6}.Debug|Mixed Platforms.ActiveCfg = Debug|x86
		{DFCFE26F-1EDA-4043-B327-693BE210A3B6}.Debug|Mixed Platforms.Build.0 = Debug|x86
		{DFCFE26F-1EDA-4043-B327-693BE210A3B6}.Debug|x86.ActiveCfg = Debug|x86
		{DFCFE26F-1EDA-4043-B327-693BE210A3B6}.Debug|x86.Build.0 = Debug|x86
		{DFCFE26F-1EDA-4043-B327-693BE210A3B6}.Release|Any CPU.ActiveCfg = Release|x86
		{DFCFE26F-1EDA-4043-B327-693BE210A3B6}.Release|Mixed Platforms.ActiveCfg = Release|x86
		{DFCFE26F-1EDA-4043-B327-693BE210A3B6}.Release|Mixed Platforms.Build.0 = Release|x86
		{DFCFE26F-1EDA-4043-B327-693BE210A3B6}.Release|x86.ActiveCfg = Release|x86
		{DFCFE26F-1EDA-4043-B327-693BE210A3B6}.Release|x86.Build.0 = Release|x86
		{22DAD8D3-A6E1-43A8-82E2-F1171D210789}.Debug|Any CPU.ActiveCfg = Debug|x86
		{22DAD8D3-A6E1-43A8-82E2-F1171D210789}.Debug|Mixed Platforms.ActiveCfg = Debug|x86
		{22DAD8D3-A6E1-43A8-82E2-F1171D210789}.Debug|Mixed Platforms.Build.0 = Debug|x86
		{22DAD8D3-A6E1-43A8-82E2-F1171D210789}.Debug|x86.ActiveCfg = Debug|x86
		{22DAD8D3-A6E1-43A8-82E2-F1171D210789}.Debug|x86.Build.0 = Debug|x86
		{22DAD8D3-A6E1-43A8-82E2-F1171D210789}.Release|Any CPU.ActiveCfg = Release|x86
		{22DAD8D3-A6E1-43A8-82E2-F1171D210789}.Release|Mixed Platforms.ActiveCfg = Release|x86
		{22DAD8D3-A6E1-43A8-82E2-F1171D210789}.Release|Mixed Platforms.Build.0 = Release|x86
		{22DAD8D3-A6E1-43A8-82E2-F1171D210789}.Release|x86.ActiveCfg = Release|x86
		{22DAD8D3-A6E1-43A8-82E2-F1171D210789}.Release|x86.Build.0 = Release|x86
	EndGlobalSection
	GlobalSection(SolutionProperties) = preSolution
		HideSolutionNode = FALSE
	EndGlobalSection
EndGlobal
